
Microsoft Visual Studio Solution File, Format Version 12.00
Project("{FAE04EC0-301F-11D3-BF4B-00C04F79EFBC}") = "Okane.Tests", "Okane.Tests\Okane.Tests.csproj", "{94F6D517-905C-4D0E-ADD5-0C0F0661C3C0}"
EndProject
Project("{FAE04EC0-301F-11D3-BF4B-00C04F79EFBC}") = "Okane.Application", "Okane.Application\Okane.Application.csproj", "{9F73DC84-E43F-4740-A60C-BB4463DF0D97}"
EndProject
Global
	GlobalSection(SolutionConfigurationPlatforms) = preSolution
		Debug|Any CPU = Debug|Any CPU
		Release|Any CPU = Release|Any CPU
	EndGlobalSection
	GlobalSection(ProjectConfigurationPlatforms) = postSolution
		{94F6D517-905C-4D0E-ADD5-0C0F0661C3C0}.Debug|Any CPU.ActiveCfg = Debug|Any CPU
		{94F6D517-905C-4D0E-ADD5-0C0F0661C3C0}.Debug|Any CPU.Build.0 = Debug|Any CPU
		{94F6D517-905C-4D0E-ADD5-0C0F0661C3C0}.Release|Any CPU.ActiveCfg = Release|Any CPU
		{94F6D517-905C-4D0E-ADD5-0C0F0661C3C0}.Release|Any CPU.Build.0 = Release|Any CPU
		{9F73DC84-E43F-4740-A60C-BB4463DF0D97}.Debug|Any CPU.ActiveCfg = Debug|Any CPU
		{9F73DC84-E43F-4740-A60C-BB4463DF0D97}.Debug|Any CPU.Build.0 = Debug|Any CPU
		{9F73DC84-E43F-4740-A60C-BB4463DF0D97}.Release|Any CPU.ActiveCfg = Release|Any CPU
		{9F73DC84-E43F-4740-A60C-BB4463DF0D97}.Release|Any CPU.Build.0 = Release|Any CPU
	EndGlobalSection
EndGlobal
